// !$*UTF8*$!
{
	archiveVersion = 1;
	classes = {
	};
	objectVersion = 50;
	objects = {

/* Begin PBXBuildFile section */
		7593ACF421E8F0E2006EBCCC /* AppDelegate.swift in Sources */ = {isa = PBXBuildFile; fileRef = 7593ACF321E8F0E2006EBCCC /* AppDelegate.swift */; };
		7593ACF621E8F0E2006EBCCC /* ViewController.swift in Sources */ = {isa = PBXBuildFile; fileRef = 7593ACF521E8F0E2006EBCCC /* ViewController.swift */; };
		7593ACF921E8F0E2006EBCCC /* Main.storyboard in Resources */ = {isa = PBXBuildFile; fileRef = 7593ACF721E8F0E2006EBCCC /* Main.storyboard */; };
		7593ACFB21E8F0E3006EBCCC /* Assets.xcassets in Resources */ = {isa = PBXBuildFile; fileRef = 7593ACFA21E8F0E3006EBCCC /* Assets.xcassets */; };
		7593ACFE21E8F0E3006EBCCC /* LaunchScreen.storyboard in Resources */ = {isa = PBXBuildFile; fileRef = 7593ACFC21E8F0E3006EBCCC /* LaunchScreen.storyboard */; };
		7593AD0921E8F0E3006EBCCC /* FileManagerTests.swift in Sources */ = {isa = PBXBuildFile; fileRef = 7593AD0821E8F0E3006EBCCC /* FileManagerTests.swift */; };
		7593AD1421E8F0E3006EBCCC /* FileManagerUITests.swift in Sources */ = {isa = PBXBuildFile; fileRef = 7593AD1321E8F0E3006EBCCC /* FileManagerUITests.swift */; };
		7593AD2221E8F128006EBCCC /* DataPersistenceManager.swift in Sources */ = {isa = PBXBuildFile; fileRef = 7593AD2121E8F128006EBCCC /* DataPersistenceManager.swift */; };
/* End PBXBuildFile section */

/* Begin PBXContainerItemProxy section */
		7593AD0521E8F0E3006EBCCC /* PBXContainerItemProxy */ = {
			isa = PBXContainerItemProxy;
			containerPortal = 7593ACE821E8F0E1006EBCCC /* Project object */;
			proxyType = 1;
			remoteGlobalIDString = 7593ACEF21E8F0E1006EBCCC;
			remoteInfo = FileManager;
		};
		7593AD1021E8F0E3006EBCCC /* PBXContainerItemProxy */ = {
			isa = PBXContainerItemProxy;
			containerPortal = 7593ACE821E8F0E1006EBCCC /* Project object */;
			proxyType = 1;
			remoteGlobalIDString = 7593ACEF21E8F0E1006EBCCC;
			remoteInfo = FileManager;
		};
/* End PBXContainerItemProxy section */

/* Begin PBXFileReference section */
		7593ACF021E8F0E2006EBCCC /* FileManager.app */ = {isa = PBXFileReference; explicitFileType = wrapper.application; includeInIndex = 0; path = FileManager.app; sourceTree = BUILT_PRODUCTS_DIR; };
		7593ACF321E8F0E2006EBCCC /* AppDelegate.swift */ = {isa = PBXFileReference; lastKnownFileType = sourcecode.swift; path = AppDelegate.swift; sourceTree = "<group>"; };
		7593ACF521E8F0E2006EBCCC /* ViewController.swift */ = {isa = PBXFileReference; lastKnownFileType = sourcecode.swift; path = ViewController.swift; sourceTree = "<group>"; };
		7593ACF821E8F0E2006EBCCC /* Base */ = {isa = PBXFileReference; lastKnownFileType = file.storyboard; name = Base; path = Base.lproj/Main.storyboard; sourceTree = "<group>"; };
		7593ACFA21E8F0E3006EBCCC /* Assets.xcassets */ = {isa = PBXFileReference; lastKnownFileType = folder.assetcatalog; path = Assets.xcassets; sourceTree = "<group>"; };
		7593ACFD21E8F0E3006EBCCC /* Base */ = {isa = PBXFileReference; lastKnownFileType = file.storyboard; name = Base; path = Base.lproj/LaunchScreen.storyboard; sourceTree = "<group>"; };
		7593ACFF21E8F0E3006EBCCC /* Info.plist */ = {isa = PBXFileReference; lastKnownFileType = text.plist.xml; path = Info.plist; sourceTree = "<group>"; };
		7593AD0421E8F0E3006EBCCC /* FileManagerTests.xctest */ = {isa = PBXFileReference; explicitFileType = wrapper.cfbundle; includeInIndex = 0; path = FileManagerTests.xctest; sourceTree = BUILT_PRODUCTS_DIR; };
		7593AD0821E8F0E3006EBCCC /* FileManagerTests.swift */ = {isa = PBXFileReference; lastKnownFileType = sourcecode.swift; path = FileManagerTests.swift; sourceTree = "<group>"; };
		7593AD0A21E8F0E3006EBCCC /* Info.plist */ = {isa = PBXFileReference; lastKnownFileType = text.plist.xml; path = Info.plist; sourceTree = "<group>"; };
		7593AD0F21E8F0E3006EBCCC /* FileManagerUITests.xctest */ = {isa = PBXFileReference; explicitFileType = wrapper.cfbundle; includeInIndex = 0; path = FileManagerUITests.xctest; sourceTree = BUILT_PRODUCTS_DIR; };
		7593AD1321E8F0E3006EBCCC /* FileManagerUITests.swift */ = {isa = PBXFileReference; lastKnownFileType = sourcecode.swift; path = FileManagerUITests.swift; sourceTree = "<group>"; };
		7593AD1521E8F0E3006EBCCC /* Info.plist */ = {isa = PBXFileReference; lastKnownFileType = text.plist.xml; path = Info.plist; sourceTree = "<group>"; };
		7593AD2121E8F128006EBCCC /* DataPersistenceManager.swift */ = {isa = PBXFileReference; lastKnownFileType = sourcecode.swift; path = DataPersistenceManager.swift; sourceTree = "<group>"; };
/* End PBXFileReference section */

/* Begin PBXFrameworksBuildPhase section */
		7593ACED21E8F0E1006EBCCC /* Frameworks */ = {
			isa = PBXFrameworksBuildPhase;
			buildActionMask = 2147483647;
			files = (
			);
			runOnlyForDeploymentPostprocessing = 0;
		};
		7593AD0121E8F0E3006EBCCC /* Frameworks */ = {
			isa = PBXFrameworksBuildPhase;
			buildActionMask = 2147483647;
			files = (
			);
			runOnlyForDeploymentPostprocessing = 0;
		};
		7593AD0C21E8F0E3006EBCCC /* Frameworks */ = {
			isa = PBXFrameworksBuildPhase;
			buildActionMask = 2147483647;
			files = (
			);
			runOnlyForDeploymentPostprocessing = 0;
		};
/* End PBXFrameworksBuildPhase section */

/* Begin PBXGroup section */
		7593ACE721E8F0E1006EBCCC = {
			isa = PBXGroup;
			children = (
				7593ACF221E8F0E2006EBCCC /* FileManager */,
				7593AD0721E8F0E3006EBCCC /* FileManagerTests */,
				7593AD1221E8F0E3006EBCCC /* FileManagerUITests */,
				7593ACF121E8F0E2006EBCCC /* Products */,
			);
			sourceTree = "<group>";
		};
		7593ACF121E8F0E2006EBCCC /* Products */ = {
			isa = PBXGroup;
			children = (
				7593ACF021E8F0E2006EBCCC /* FileManager.app */,
				7593AD0421E8F0E3006EBCCC /* FileManagerTests.xctest */,
				7593AD0F21E8F0E3006EBCCC /* FileManagerUITests.xctest */,
			);
			name = Products;
			sourceTree = "<group>";
		};
		7593ACF221E8F0E2006EBCCC /* FileManager */ = {
			isa = PBXGroup;
			children = (
				7593ACF321E8F0E2006EBCCC /* AppDelegate.swift */,
				7593ACF521E8F0E2006EBCCC /* ViewController.swift */,
				7593AD2121E8F128006EBCCC /* DataPersistenceManager.swift */,
				7593ACF721E8F0E2006EBCCC /* Main.storyboard */,
				7593ACFA21E8F0E3006EBCCC /* Assets.xcassets */,
				7593ACFC21E8F0E3006EBCCC /* LaunchScreen.storyboard */,
				7593ACFF21E8F0E3006EBCCC /* Info.plist */,
			);
			path = FileManager;
			sourceTree = "<group>";
		};
		7593AD0721E8F0E3006EBCCC /* FileManagerTests */ = {
			isa = PBXGroup;
			children = (
				7593AD0821E8F0E3006EBCCC /* FileManagerTests.swift */,
				7593AD0A21E8F0E3006EBCCC /* Info.plist */,
			);
			path = FileManagerTests;
			sourceTree = "<group>";
		};
		7593AD1221E8F0E3006EBCCC /* FileManagerUITests */ = {
			isa = PBXGroup;
			children = (
				7593AD1321E8F0E3006EBCCC /* FileManagerUITests.swift */,
				7593AD1521E8F0E3006EBCCC /* Info.plist */,
			);
			path = FileManagerUITests;
			sourceTree = "<group>";
		};
/* End PBXGroup section */

/* Begin PBXNativeTarget section */
		7593ACEF21E8F0E1006EBCCC /* FileManager */ = {
			isa = PBXNativeTarget;
			buildConfigurationList = 7593AD1821E8F0E3006EBCCC /* Build configuration list for PBXNativeTarget "FileManager" */;
			buildPhases = (
				7593ACEC21E8F0E1006EBCCC /* Sources */,
				7593ACED21E8F0E1006EBCCC /* Frameworks */,
				7593ACEE21E8F0E1006EBCCC /* Resources */,
			);
			buildRules = (
			);
			dependencies = (
			);
			name = FileManager;
			productName = FileManager;
			productReference = 7593ACF021E8F0E2006EBCCC /* FileManager.app */;
			productType = "com.apple.product-type.application";
		};
		7593AD0321E8F0E3006EBCCC /* FileManagerTests */ = {
			isa = PBXNativeTarget;
			buildConfigurationList = 7593AD1B21E8F0E3006EBCCC /* Build configuration list for PBXNativeTarget "FileManagerTests" */;
			buildPhases = (
				7593AD0021E8F0E3006EBCCC /* Sources */,
				7593AD0121E8F0E3006EBCCC /* Frameworks */,
				7593AD0221E8F0E3006EBCCC /* Resources */,
			);
			buildRules = (
			);
			dependencies = (
				7593AD0621E8F0E3006EBCCC /* PBXTargetDependency */,
			);
			name = FileManagerTests;
			productName = FileManagerTests;
			productReference = 7593AD0421E8F0E3006EBCCC /* FileManagerTests.xctest */;
			productType = "com.apple.product-type.bundle.unit-test";
		};
		7593AD0E21E8F0E3006EBCCC /* FileManagerUITests */ = {
			isa = PBXNativeTarget;
			buildConfigurationList = 7593AD1E21E8F0E3006EBCCC /* Build configuration list for PBXNativeTarget "FileManagerUITests" */;
			buildPhases = (
				7593AD0B21E8F0E3006EBCCC /* Sources */,
				7593AD0C21E8F0E3006EBCCC /* Frameworks */,
				7593AD0D21E8F0E3006EBCCC /* Resources */,
			);
			buildRules = (
			);
			dependencies = (
				7593AD1121E8F0E3006EBCCC /* PBXTargetDependency */,
			);
			name = FileManagerUITests;
			productName = FileManagerUITests;
			productReference = 7593AD0F21E8F0E3006EBCCC /* FileManagerUITests.xctest */;
			productType = "com.apple.product-type.bundle.ui-testing";
		};
/* End PBXNativeTarget section */

/* Begin PBXProject section */
		7593ACE821E8F0E1006EBCCC /* Project object */ = {
			isa = PBXProject;
			attributes = {
				LastSwiftUpdateCheck = 1000;
				LastUpgradeCheck = 1000;
				ORGANIZATIONNAME = "Alfredo Barragan";
				TargetAttributes = {
					7593ACEF21E8F0E1006EBCCC = {
						CreatedOnToolsVersion = 10.0;
					};
					7593AD0321E8F0E3006EBCCC = {
						CreatedOnToolsVersion = 10.0;
						TestTargetID = 7593ACEF21E8F0E1006EBCCC;
					};
					7593AD0E21E8F0E3006EBCCC = {
						CreatedOnToolsVersion = 10.0;
						TestTargetID = 7593ACEF21E8F0E1006EBCCC;
					};
				};
			};
			buildConfigurationList = 7593ACEB21E8F0E1006EBCCC /* Build configuration list for PBXProject "FileManager" */;
			compatibilityVersion = "Xcode 9.3";
			developmentRegion = en;
			hasScannedForEncodings = 0;
			knownRegions = (
				en,
				Base,
			);
			mainGroup = 7593ACE721E8F0E1006EBCCC;
			productRefGroup = 7593ACF121E8F0E2006EBCCC /* Products */;
			projectDirPath = "";
			projectRoot = "";
			targets = (
				7593ACEF21E8F0E1006EBCCC /* FileManager */,
				7593AD0321E8F0E3006EBCCC /* FileManagerTests */,
				7593AD0E21E8F0E3006EBCCC /* FileManagerUITests */,
			);
		};
/* End PBXProject section */

/* Begin PBXResourcesBuildPhase section */
		7593ACEE21E8F0E1006EBCCC /* Resources */ = {
			isa = PBXResourcesBuildPhase;
			buildActionMask = 2147483647;
			files = (
				7593ACFE21E8F0E3006EBCCC /* LaunchScreen.storyboard in Resources */,
				7593ACFB21E8F0E3006EBCCC /* Assets.xcassets in Resources */,
				7593ACF921E8F0E2006EBCCC /* Main.storyboard in Resources */,
			);
			runOnlyForDeploymentPostprocessing = 0;
		};
		7593AD0221E8F0E3006EBCCC /* Resources */ = {
			isa = PBXResourcesBuildPhase;
			buildActionMask = 2147483647;
			files = (
			);
			runOnlyForDeploymentPostprocessing = 0;
		};
		7593AD0D21E8F0E3006EBCCC /* Resources */ = {
			isa = PBXResourcesBuildPhase;
			buildActionMask = 2147483647;
			files = (
			);
			runOnlyForDeploymentPostprocessing = 0;
		};
/* End PBXResourcesBuildPhase section */

/* Begin PBXSourcesBuildPhase section */
		7593ACEC21E8F0E1006EBCCC /* Sources */ = {
			isa = PBXSourcesBuildPhase;
			buildActionMask = 2147483647;
			files = (
				7593AD2221E8F128006EBCCC /* DataPersistenceManager.swift in Sources */,
				7593ACF621E8F0E2006EBCCC /* ViewController.swift in Sources */,
				7593ACF421E8F0E2006EBCCC /* AppDelegate.swift in Sources */,
			);
			runOnlyForDeploymentPostprocessing = 0;
		};
		7593AD0021E8F0E3006EBCCC /* Sources */ = {
			isa = PBXSourcesBuildPhase;
			buildActionMask = 2147483647;
			files = (
				7593AD0921E8F0E3006EBCCC /* FileManagerTests.swift in Sources */,
			);
			runOnlyForDeploymentPostprocessing = 0;
		};
		7593AD0B21E8F0E3006EBCCC /* Sources */ = {
			isa = PBXSourcesBuildPhase;
			buildActionMask = 2147483647;
			files = (
				7593AD1421E8F0E3006EBCCC /* FileManagerUITests.swift in Sources */,
			);
			runOnlyForDeploymentPostprocessing = 0;
		};
/* End PBXSourcesBuildPhase section */

/* Begin PBXTargetDependency section */
		7593AD0621E8F0E3006EBCCC /* PBXTargetDependency */ = {
			isa = PBXTargetDependency;
			target = 7593ACEF21E8F0E1006EBCCC /* FileManager */;
			targetProxy = 7593AD0521E8F0E3006EBCCC /* PBXContainerItemProxy */;
		};
		7593AD1121E8F0E3006EBCCC /* PBXTargetDependency */ = {
			isa = PBXTargetDependency;
			target = 7593ACEF21E8F0E1006EBCCC /* FileManager */;
			targetProxy = 7593AD1021E8F0E3006EBCCC /* PBXContainerItemProxy */;
		};
/* End PBXTargetDependency section */

/* Begin PBXVariantGroup section */
		7593ACF721E8F0E2006EBCCC /* Main.storyboard */ = {
			isa = PBXVariantGroup;
			children = (
				7593ACF821E8F0E2006EBCCC /* Base */,
			);
			name = Main.storyboard;
			sourceTree = "<group>";
		};
		7593ACFC21E8F0E3006EBCCC /* LaunchScreen.storyboard */ = {
			isa = PBXVariantGroup;
			children = (
				7593ACFD21E8F0E3006EBCCC /* Base */,
			);
			name = LaunchScreen.storyboard;
			sourceTree = "<group>";
		};
/* End PBXVariantGroup section */

/* Begin XCBuildConfiguration section */
		7593AD1621E8F0E3006EBCCC /* Debug */ = {
			isa = XCBuildConfiguration;
			buildSettings = {
				ALWAYS_SEARCH_USER_PATHS = NO;
				CLANG_ANALYZER_NONNULL = YES;
				CLANG_ANALYZER_NUMBER_OBJECT_CONVERSION = YES_AGGRESSIVE;
				CLANG_CXX_LANGUAGE_STANDARD = "gnu++14";
				CLANG_CXX_LIBRARY = "libc++";
				CLANG_ENABLE_MODULES = YES;
				CLANG_ENABLE_OBJC_ARC = YES;
				CLANG_ENABLE_OBJC_WEAK = YES;
				CLANG_WARN_BLOCK_CAPTURE_AUTORELEASING = YES;
				CLANG_WARN_BOOL_CONVERSION = YES;
				CLANG_WARN_COMMA = YES;
				CLANG_WARN_CONSTANT_CONVERSION = YES;
				CLANG_WARN_DEPRECATED_OBJC_IMPLEMENTATIONS = YES;
				CLANG_WARN_DIRECT_OBJC_ISA_USAGE = YES_ERROR;
				CLANG_WARN_DOCUMENTATION_COMMENTS = YES;
				CLANG_WARN_EMPTY_BODY = YES;
				CLANG_WARN_ENUM_CONVERSION = YES;
				CLANG_WARN_INFINITE_RECURSION = YES;
				CLANG_WARN_INT_CONVERSION = YES;
				CLANG_WARN_NON_LITERAL_NULL_CONVERSION = YES;
				CLANG_WARN_OBJC_IMPLICIT_RETAIN_SELF = YES;
				CLANG_WARN_OBJC_LITERAL_CONVERSION = YES;
				CLANG_WARN_OBJC_ROOT_CLASS = YES_ERROR;
				CLANG_WARN_RANGE_LOOP_ANALYSIS = YES;
				CLANG_WARN_STRICT_PROTOTYPES = YES;
				CLANG_WARN_SUSPICIOUS_MOVE = YES;
				CLANG_WARN_UNGUARDED_AVAILABILITY = YES_AGGRESSIVE;
				CLANG_WARN_UNREACHABLE_CODE = YES;
				CLANG_WARN__DUPLICATE_METHOD_MATCH = YES;
				CODE_SIGN_IDENTITY = "iPhone Developer";
				COPY_PHASE_STRIP = NO;
				DEBUG_INFORMATION_FORMAT = dwarf;
				ENABLE_STRICT_OBJC_MSGSEND = YES;
				ENABLE_TESTABILITY = YES;
				GCC_C_LANGUAGE_STANDARD = gnu11;
				GCC_DYNAMIC_NO_PIC = NO;
				GCC_NO_COMMON_BLOCKS = YES;
				GCC_OPTIMIZATION_LEVEL = 0;
				GCC_PREPROCESSOR_DEFINITIONS = (
					"DEBUG=1",
					"$(inherited)",
				);
				GCC_WARN_64_TO_32_BIT_CONVERSION = YES;
				GCC_WARN_ABOUT_RETURN_TYPE = YES_ERROR;
				GCC_WARN_UNDECLARED_SELECTOR = YES;
				GCC_WARN_UNINITIALIZED_AUTOS = YES_AGGRESSIVE;
				GCC_WARN_UNUSED_FUNCTION = YES;
				GCC_WARN_UNUSED_VARIABLE = YES;
				IPHONEOS_DEPLOYMENT_TARGET = 12.0;
				MTL_ENABLE_DEBUG_INFO = INCLUDE_SOURCE;
				MTL_FAST_MATH = YES;
				ONLY_ACTIVE_ARCH = YES;
				SDKROOT = iphoneos;
				SWIFT_ACTIVE_COMPILATION_CONDITIONS = DEBUG;
				SWIFT_OPTIMIZATION_LEVEL = "-Onone";
			};
			name = Debug;
		};
		7593AD1721E8F0E3006EBCCC /* Release */ = {
			isa = XCBuildConfiguration;
			buildSettings = {
				ALWAYS_SEARCH_USER_PATHS = NO;
				CLANG_ANALYZER_NONNULL = YES;
				CLANG_ANALYZER_NUMBER_OBJECT_CONVERSION = YES_AGGRESSIVE;
				CLANG_CXX_LANGUAGE_STANDARD = "gnu++14";
				CLANG_CXX_LIBRARY = "libc++";
				CLANG_ENABLE_MODULES = YES;
				CLANG_ENABLE_OBJC_ARC = YES;
				CLANG_ENABLE_OBJC_WEAK = YES;
				CLANG_WARN_BLOCK_CAPTURE_AUTORELEASING = YES;
				CLANG_WARN_BOOL_CONVERSION = YES;
				CLANG_WARN_COMMA = YES;
				CLANG_WARN_CONSTANT_CONVERSION = YES;
				CLANG_WARN_DEPRECATED_OBJC_IMPLEMENTATIONS = YES;
				CLANG_WARN_DIRECT_OBJC_ISA_USAGE = YES_ERROR;
				CLANG_WARN_DOCUMENTATION_COMMENTS = YES;
				CLANG_WARN_EMPTY_BODY = YES;
				CLANG_WARN_ENUM_CONVERSION = YES;
				CLANG_WARN_INFINITE_RECURSION = YES;
				CLANG_WARN_INT_CONVERSION = YES;
				CLANG_WARN_NON_LITERAL_NULL_CONVERSION = YES;
				CLANG_WARN_OBJC_IMPLICIT_RETAIN_SELF = YES;
				CLANG_WARN_OBJC_LITERAL_CONVERSION = YES;
				CLANG_WARN_OBJC_ROOT_CLASS = YES_ERROR;
				CLANG_WARN_RANGE_LOOP_ANALYSIS = YES;
				CLANG_WARN_STRICT_PROTOTYPES = YES;
				CLANG_WARN_SUSPICIOUS_MOVE = YES;
				CLANG_WARN_UNGUARDED_AVAILABILITY = YES_AGGRESSIVE;
				CLANG_WARN_UNREACHABLE_CODE = YES;
				CLANG_WARN__DUPLICATE_METHOD_MATCH = YES;
				CODE_SIGN_IDENTITY = "iPhone Developer";
				COPY_PHASE_STRIP = NO;
				DEBUG_INFORMATION_FORMAT = "dwarf-with-dsym";
				ENABLE_NS_ASSERTIONS = NO;
				ENABLE_STRICT_OBJC_MSGSEND = YES;
				GCC_C_LANGUAGE_STANDARD = gnu11;
				GCC_NO_COMMON_BLOCKS = YES;
				GCC_WARN_64_TO_32_BIT_CONVERSION = YES;
				GCC_WARN_ABOUT_RETURN_TYPE = YES_ERROR;
				GCC_WARN_UNDECLARED_SELECTOR = YES;
				GCC_WARN_UNINITIALIZED_AUTOS = YES_AGGRESSIVE;
				GCC_WARN_UNUSED_FUNCTION = YES;
				GCC_WARN_UNUSED_VARIABLE = YES;
				IPHONEOS_DEPLOYMENT_TARGET = 12.0;
				MTL_ENABLE_DEBUG_INFO = NO;
				MTL_FAST_MATH = YES;
				SDKROOT = iphoneos;
				SWIFT_COMPILATION_MODE = wholemodule;
				SWIFT_OPTIMIZATION_LEVEL = "-O";
				VALIDATE_PRODUCT = YES;
			};
			name = Release;
		};
		7593AD1921E8F0E3006EBCCC /* Debug */ = {
			isa = XCBuildConfiguration;
			buildSettings = {
				ASSETCATALOG_COMPILER_APPICON_NAME = AppIcon;
				CODE_SIGN_STYLE = Automatic;
				DEVELOPMENT_TEAM = B4ALR5M7T7;
				INFOPLIST_FILE = FileManager/Info.plist;
				LD_RUNPATH_SEARCH_PATHS = (
					"$(inherited)",
					"@executable_path/Frameworks",
				);
				PRODUCT_BUNDLE_IDENTIFIER = Pursuit.FileManager;
				PRODUCT_NAME = "$(TARGET_NAME)";
				SWIFT_VERSION = 4.2;
				TARGETED_DEVICE_FAMILY = "1,2";
			};
			name = Debug;
		};
		7593AD1A21E8F0E3006EBCCC /* Release */ = {
			isa = XCBuildConfiguration;
			buildSettings = {
				ASSETCATALOG_COMPILER_APPICON_NAME = AppIcon;
				CODE_SIGN_STYLE = Automatic;
				DEVELOPMENT_TEAM = B4ALR5M7T7;
				INFOPLIST_FILE = FileManager/Info.plist;
				LD_RUNPATH_SEARCH_PATHS = (
					"$(inherited)",
					"@executable_path/Frameworks",
				);
				PRODUCT_BUNDLE_IDENTIFIER = Pursuit.FileManager;
				PRODUCT_NAME = "$(TARGET_NAME)";
				SWIFT_VERSION = 4.2;
				TARGETED_DEVICE_FAMILY = "1,2";
			};
			name = Release;
		};
		7593AD1C21E8F0E3006EBCCC /* Debug */ = {
			isa = XCBuildConfiguration;
			buildSettings = {
				ALWAYS_EMBED_SWIFT_STANDARD_LIBRARIES = YES;
				BUNDLE_LOADER = "$(TEST_HOST)";
				CODE_SIGN_STYLE = Automatic;
				DEVELOPMENT_TEAM = B4ALR5M7T7;
				INFOPLIST_FILE = FileManagerTests/Info.plist;
				LD_RUNPATH_SEARCH_PATHS = (
					"$(inherited)",
					"@executable_path/Frameworks",
					"@loader_path/Frameworks",
				);
				PRODUCT_BUNDLE_IDENTIFIER = Pursuit.FileManagerTests;
				PRODUCT_NAME = "$(TARGET_NAME)";
				SWIFT_VERSION = 4.2;
				TARGETED_DEVICE_FAMILY = "1,2";
				TEST_HOST = "$(BUILT_PRODUCTS_DIR)/FileManager.app/FileManager";
			};
			name = Debug;
		};
		7593AD1D21E8F0E3006EBCCC /* Release */ = {
			isa = XCBuildConfiguration;
			buildSettings = {
				ALWAYS_EMBED_SWIFT_STANDARD_LIBRARIES = YES;
				BUNDLE_LOADER = "$(TEST_HOST)";
				CODE_SIGN_STYLE = Automatic;
				DEVELOPMENT_TEAM = B4ALR5M7T7;
				INFOPLIST_FILE = FileManagerTests/Info.plist;
				LD_RUNPATH_SEARCH_PATHS = (
					"$(inherited)",
					"@executable_path/Frameworks",
					"@loader_path/Frameworks",
				);
				PRODUCT_BUNDLE_IDENTIFIER = Pursuit.FileManagerTests;
				PRODUCT_NAME = "$(TARGET_NAME)";
				SWIFT_VERSION = 4.2;
				TARGETED_DEVICE_FAMILY = "1,2";
				TEST_HOST = "$(BUILT_PRODUCTS_DIR)/FileManager.app/FileManager";
			};
			name = Release;
		};
		7593AD1F21E8F0E3006EBCCC /* Debug */ = {
			isa = XCBuildConfiguration;
			buildSettings = {
				ALWAYS_EMBED_SWIFT_STANDARD_LIBRARIES = YES;
				CODE_SIGN_STYLE = Automatic;
				DEVELOPMENT_TEAM = B4ALR5M7T7;
				INFOPLIST_FILE = FileManagerUITests/Info.plist;
				LD_RUNPATH_SEARCH_PATHS = (
					"$(inherited)",
					"@executable_path/Frameworks",
					"@loader_path/Frameworks",
				);
				PRODUCT_BUNDLE_IDENTIFIER = Pursuit.FileManagerUITests;
				PRODUCT_NAME = "$(TARGET_NAME)";
				SWIFT_VERSION = 4.2;
				TARGETED_DEVICE_FAMILY = "1,2";
				TEST_TARGET_NAME = FileManager;
			};
			name = Debug;
		};
		7593AD2021E8F0E3006EBCCC /* Release */ = {
			isa = XCBuildConfiguration;
			buildSettings = {
				ALWAYS_EMBED_SWIFT_STANDARD_LIBRARIES = YES;
				CODE_SIGN_STYLE = Automatic;
				DEVELOPMENT_TEAM = B4ALR5M7T7;
				INFOPLIST_FILE = FileManagerUITests/Info.plist;
				LD_RUNPATH_SEARCH_PATHS = (
					"$(inherited)",
					"@executable_path/Frameworks",
					"@loader_path/Frameworks",
				);
				PRODUCT_BUNDLE_IDENTIFIER = Pursuit.FileManagerUITests;
				PRODUCT_NAME = "$(TARGET_NAME)";
				SWIFT_VERSION = 4.2;
				TARGETED_DEVICE_FAMILY = "1,2";
				TEST_TARGET_NAME = FileManager;
			};
			name = Release;
		};
/* End XCBuildConfiguration section */

/* Begin XCConfigurationList section */
		7593ACEB21E8F0E1006EBCCC /* Build configuration list for PBXProject "FileManager" */ = {
			isa = XCConfigurationList;
			buildConfigurations = (
				7593AD1621E8F0E3006EBCCC /* Debug */,
				7593AD1721E8F0E3006EBCCC /* Release */,
			);
			defaultConfigurationIsVisible = 0;
			defaultConfigurationName = Release;
		};
		7593AD1821E8F0E3006EBCCC /* Build configuration list for PBXNativeTarget "FileManager" */ = {
			isa = XCConfigurationList;
			buildConfigurations = (
				7593AD1921E8F0E3006EBCCC /* Debug */,
				7593AD1A21E8F0E3006EBCCC /* Release */,
			);
			defaultConfigurationIsVisible = 0;
			defaultConfigurationName = Release;
		};
		7593AD1B21E8F0E3006EBCCC /* Build configuration list for PBXNativeTarget "FileManagerTests" */ = {
			isa = XCConfigurationList;
			buildConfigurations = (
				7593AD1C21E8F0E3006EBCCC /* Debug */,
				7593AD1D21E8F0E3006EBCCC /* Release */,
			);
			defaultConfigurationIsVisible = 0;
			defaultConfigurationName = Release;
		};
		7593AD1E21E8F0E3006EBCCC /* Build configuration list for PBXNativeTarget "FileManagerUITests" */ = {
			isa = XCConfigurationList;
			buildConfigurations = (
				7593AD1F21E8F0E3006EBCCC /* Debug */,
				7593AD2021E8F0E3006EBCCC /* Release */,
			);
			defaultConfigurationIsVisible = 0;
			defaultConfigurationName = Release;
		};
/* End XCConfigurationList section */
	};
	rootObject = 7593ACE821E8F0E1006EBCCC /* Project object */;
}
