// !$*UTF8*$!
{
	archiveVersion = 1;
	classes = {
	};
	objectVersion = 50;
	objects = {

/* Begin PBXBuildFile section */
		75F3B19D21934729003B7EEA /* AppDelegate.swift in Sources */ = {isa = PBXBuildFile; fileRef = 75F3B19C21934729003B7EEA /* AppDelegate.swift */; };
		75F3B19F21934729003B7EEA /* RecipeViewController.swift in Sources */ = {isa = PBXBuildFile; fileRef = 75F3B19E21934729003B7EEA /* RecipeViewController.swift */; };
		75F3B1A221934729003B7EEA /* Main.storyboard in Resources */ = {isa = PBXBuildFile; fileRef = 75F3B1A021934729003B7EEA /* Main.storyboard */; };
		75F3B1A42193472A003B7EEA /* Assets.xcassets in Resources */ = {isa = PBXBuildFile; fileRef = 75F3B1A32193472A003B7EEA /* Assets.xcassets */; };
		75F3B1A72193472A003B7EEA /* LaunchScreen.storyboard in Resources */ = {isa = PBXBuildFile; fileRef = 75F3B1A52193472A003B7EEA /* LaunchScreen.storyboard */; };
		75F3B1B22193472B003B7EEA /* RecipesTests.swift in Sources */ = {isa = PBXBuildFile; fileRef = 75F3B1B12193472B003B7EEA /* RecipesTests.swift */; };
		75F3B1BD2193472B003B7EEA /* RecipesUITests.swift in Sources */ = {isa = PBXBuildFile; fileRef = 75F3B1BC2193472B003B7EEA /* RecipesUITests.swift */; };
		75F3B1CB2193738F003B7EEA /* Recipe.swift in Sources */ = {isa = PBXBuildFile; fileRef = 75F3B1CA2193738F003B7EEA /* Recipe.swift */; };
/* End PBXBuildFile section */

/* Begin PBXContainerItemProxy section */
		75F3B1AE2193472B003B7EEA /* PBXContainerItemProxy */ = {
			isa = PBXContainerItemProxy;
			containerPortal = 75F3B19121934729003B7EEA /* Project object */;
			proxyType = 1;
			remoteGlobalIDString = 75F3B19821934729003B7EEA;
			remoteInfo = Recipes;
		};
		75F3B1B92193472B003B7EEA /* PBXContainerItemProxy */ = {
			isa = PBXContainerItemProxy;
			containerPortal = 75F3B19121934729003B7EEA /* Project object */;
			proxyType = 1;
			remoteGlobalIDString = 75F3B19821934729003B7EEA;
			remoteInfo = Recipes;
		};
/* End PBXContainerItemProxy section */

/* Begin PBXFileReference section */
		75F3B19921934729003B7EEA /* Recipes.app */ = {isa = PBXFileReference; explicitFileType = wrapper.application; includeInIndex = 0; path = Recipes.app; sourceTree = BUILT_PRODUCTS_DIR; };
		75F3B19C21934729003B7EEA /* AppDelegate.swift */ = {isa = PBXFileReference; lastKnownFileType = sourcecode.swift; path = AppDelegate.swift; sourceTree = "<group>"; };
		75F3B19E21934729003B7EEA /* RecipeViewController.swift */ = {isa = PBXFileReference; lastKnownFileType = sourcecode.swift; path = RecipeViewController.swift; sourceTree = "<group>"; };
		75F3B1A121934729003B7EEA /* Base */ = {isa = PBXFileReference; lastKnownFileType = file.storyboard; name = Base; path = Base.lproj/Main.storyboard; sourceTree = "<group>"; };
		75F3B1A32193472A003B7EEA /* Assets.xcassets */ = {isa = PBXFileReference; lastKnownFileType = folder.assetcatalog; path = Assets.xcassets; sourceTree = "<group>"; };
		75F3B1A62193472A003B7EEA /* Base */ = {isa = PBXFileReference; lastKnownFileType = file.storyboard; name = Base; path = Base.lproj/LaunchScreen.storyboard; sourceTree = "<group>"; };
		75F3B1A82193472A003B7EEA /* Info.plist */ = {isa = PBXFileReference; lastKnownFileType = text.plist.xml; path = Info.plist; sourceTree = "<group>"; };
		75F3B1AD2193472B003B7EEA /* RecipesTests.xctest */ = {isa = PBXFileReference; explicitFileType = wrapper.cfbundle; includeInIndex = 0; path = RecipesTests.xctest; sourceTree = BUILT_PRODUCTS_DIR; };
		75F3B1B12193472B003B7EEA /* RecipesTests.swift */ = {isa = PBXFileReference; lastKnownFileType = sourcecode.swift; path = RecipesTests.swift; sourceTree = "<group>"; };
		75F3B1B32193472B003B7EEA /* Info.plist */ = {isa = PBXFileReference; lastKnownFileType = text.plist.xml; path = Info.plist; sourceTree = "<group>"; };
		75F3B1B82193472B003B7EEA /* RecipesUITests.xctest */ = {isa = PBXFileReference; explicitFileType = wrapper.cfbundle; includeInIndex = 0; path = RecipesUITests.xctest; sourceTree = BUILT_PRODUCTS_DIR; };
		75F3B1BC2193472B003B7EEA /* RecipesUITests.swift */ = {isa = PBXFileReference; lastKnownFileType = sourcecode.swift; path = RecipesUITests.swift; sourceTree = "<group>"; };
		75F3B1BE2193472B003B7EEA /* Info.plist */ = {isa = PBXFileReference; lastKnownFileType = text.plist.xml; path = Info.plist; sourceTree = "<group>"; };
		75F3B1CA2193738F003B7EEA /* Recipe.swift */ = {isa = PBXFileReference; lastKnownFileType = sourcecode.swift; path = Recipe.swift; sourceTree = "<group>"; };
/* End PBXFileReference section */

/* Begin PBXFrameworksBuildPhase section */
		75F3B19621934729003B7EEA /* Frameworks */ = {
			isa = PBXFrameworksBuildPhase;
			buildActionMask = 2147483647;
			files = (
			);
			runOnlyForDeploymentPostprocessing = 0;
		};
		75F3B1AA2193472B003B7EEA /* Frameworks */ = {
			isa = PBXFrameworksBuildPhase;
			buildActionMask = 2147483647;
			files = (
			);
			runOnlyForDeploymentPostprocessing = 0;
		};
		75F3B1B52193472B003B7EEA /* Frameworks */ = {
			isa = PBXFrameworksBuildPhase;
			buildActionMask = 2147483647;
			files = (
			);
			runOnlyForDeploymentPostprocessing = 0;
		};
/* End PBXFrameworksBuildPhase section */

/* Begin PBXGroup section */
		75F3B19021934729003B7EEA = {
			isa = PBXGroup;
			children = (
				75F3B19B21934729003B7EEA /* Recipes */,
				75F3B1B02193472B003B7EEA /* RecipesTests */,
				75F3B1BB2193472B003B7EEA /* RecipesUITests */,
				75F3B19A21934729003B7EEA /* Products */,
			);
			sourceTree = "<group>";
		};
		75F3B19A21934729003B7EEA /* Products */ = {
			isa = PBXGroup;
			children = (
				75F3B19921934729003B7EEA /* Recipes.app */,
				75F3B1AD2193472B003B7EEA /* RecipesTests.xctest */,
				75F3B1B82193472B003B7EEA /* RecipesUITests.xctest */,
			);
			name = Products;
			sourceTree = "<group>";
		};
		75F3B19B21934729003B7EEA /* Recipes */ = {
			isa = PBXGroup;
			children = (
				75F3B19C21934729003B7EEA /* AppDelegate.swift */,
				75F3B19E21934729003B7EEA /* RecipeViewController.swift */,
				75F3B1A021934729003B7EEA /* Main.storyboard */,
				75F3B1CA2193738F003B7EEA /* Recipe.swift */,
				75F3B1A32193472A003B7EEA /* Assets.xcassets */,
				75F3B1A52193472A003B7EEA /* LaunchScreen.storyboard */,
				75F3B1A82193472A003B7EEA /* Info.plist */,
			);
			path = Recipes;
			sourceTree = "<group>";
		};
		75F3B1B02193472B003B7EEA /* RecipesTests */ = {
			isa = PBXGroup;
			children = (
				75F3B1B12193472B003B7EEA /* RecipesTests.swift */,
				75F3B1B32193472B003B7EEA /* Info.plist */,
			);
			path = RecipesTests;
			sourceTree = "<group>";
		};
		75F3B1BB2193472B003B7EEA /* RecipesUITests */ = {
			isa = PBXGroup;
			children = (
				75F3B1BC2193472B003B7EEA /* RecipesUITests.swift */,
				75F3B1BE2193472B003B7EEA /* Info.plist */,
			);
			path = RecipesUITests;
			sourceTree = "<group>";
		};
/* End PBXGroup section */

/* Begin PBXNativeTarget section */
		75F3B19821934729003B7EEA /* Recipes */ = {
			isa = PBXNativeTarget;
			buildConfigurationList = 75F3B1C12193472B003B7EEA /* Build configuration list for PBXNativeTarget "Recipes" */;
			buildPhases = (
				75F3B19521934729003B7EEA /* Sources */,
				75F3B19621934729003B7EEA /* Frameworks */,
				75F3B19721934729003B7EEA /* Resources */,
			);
			buildRules = (
			);
			dependencies = (
			);
			name = Recipes;
			productName = Recipes;
			productReference = 75F3B19921934729003B7EEA /* Recipes.app */;
			productType = "com.apple.product-type.application";
		};
		75F3B1AC2193472B003B7EEA /* RecipesTests */ = {
			isa = PBXNativeTarget;
			buildConfigurationList = 75F3B1C42193472B003B7EEA /* Build configuration list for PBXNativeTarget "RecipesTests" */;
			buildPhases = (
				75F3B1A92193472B003B7EEA /* Sources */,
				75F3B1AA2193472B003B7EEA /* Frameworks */,
				75F3B1AB2193472B003B7EEA /* Resources */,
			);
			buildRules = (
			);
			dependencies = (
				75F3B1AF2193472B003B7EEA /* PBXTargetDependency */,
			);
			name = RecipesTests;
			productName = RecipesTests;
			productReference = 75F3B1AD2193472B003B7EEA /* RecipesTests.xctest */;
			productType = "com.apple.product-type.bundle.unit-test";
		};
		75F3B1B72193472B003B7EEA /* RecipesUITests */ = {
			isa = PBXNativeTarget;
			buildConfigurationList = 75F3B1C72193472B003B7EEA /* Build configuration list for PBXNativeTarget "RecipesUITests" */;
			buildPhases = (
				75F3B1B42193472B003B7EEA /* Sources */,
				75F3B1B52193472B003B7EEA /* Frameworks */,
				75F3B1B62193472B003B7EEA /* Resources */,
			);
			buildRules = (
			);
			dependencies = (
				75F3B1BA2193472B003B7EEA /* PBXTargetDependency */,
			);
			name = RecipesUITests;
			productName = RecipesUITests;
			productReference = 75F3B1B82193472B003B7EEA /* RecipesUITests.xctest */;
			productType = "com.apple.product-type.bundle.ui-testing";
		};
/* End PBXNativeTarget section */

/* Begin PBXProject section */
		75F3B19121934729003B7EEA /* Project object */ = {
			isa = PBXProject;
			attributes = {
				LastSwiftUpdateCheck = 1000;
				LastUpgradeCheck = 1000;
				ORGANIZATIONNAME = "Alfredo Barragan";
				TargetAttributes = {
					75F3B19821934729003B7EEA = {
						CreatedOnToolsVersion = 10.0;
					};
					75F3B1AC2193472B003B7EEA = {
						CreatedOnToolsVersion = 10.0;
						TestTargetID = 75F3B19821934729003B7EEA;
					};
					75F3B1B72193472B003B7EEA = {
						CreatedOnToolsVersion = 10.0;
						TestTargetID = 75F3B19821934729003B7EEA;
					};
				};
			};
			buildConfigurationList = 75F3B19421934729003B7EEA /* Build configuration list for PBXProject "Recipes" */;
			compatibilityVersion = "Xcode 9.3";
			developmentRegion = en;
			hasScannedForEncodings = 0;
			knownRegions = (
				en,
				Base,
			);
			mainGroup = 75F3B19021934729003B7EEA;
			productRefGroup = 75F3B19A21934729003B7EEA /* Products */;
			projectDirPath = "";
			projectRoot = "";
			targets = (
				75F3B19821934729003B7EEA /* Recipes */,
				75F3B1AC2193472B003B7EEA /* RecipesTests */,
				75F3B1B72193472B003B7EEA /* RecipesUITests */,
			);
		};
/* End PBXProject section */

/* Begin PBXResourcesBuildPhase section */
		75F3B19721934729003B7EEA /* Resources */ = {
			isa = PBXResourcesBuildPhase;
			buildActionMask = 2147483647;
			files = (
				75F3B1A72193472A003B7EEA /* LaunchScreen.storyboard in Resources */,
				75F3B1A42193472A003B7EEA /* Assets.xcassets in Resources */,
				75F3B1A221934729003B7EEA /* Main.storyboard in Resources */,
			);
			runOnlyForDeploymentPostprocessing = 0;
		};
		75F3B1AB2193472B003B7EEA /* Resources */ = {
			isa = PBXResourcesBuildPhase;
			buildActionMask = 2147483647;
			files = (
			);
			runOnlyForDeploymentPostprocessing = 0;
		};
		75F3B1B62193472B003B7EEA /* Resources */ = {
			isa = PBXResourcesBuildPhase;
			buildActionMask = 2147483647;
			files = (
			);
			runOnlyForDeploymentPostprocessing = 0;
		};
/* End PBXResourcesBuildPhase section */

/* Begin PBXSourcesBuildPhase section */
		75F3B19521934729003B7EEA /* Sources */ = {
			isa = PBXSourcesBuildPhase;
			buildActionMask = 2147483647;
			files = (
				75F3B1CB2193738F003B7EEA /* Recipe.swift in Sources */,
				75F3B19F21934729003B7EEA /* RecipeViewController.swift in Sources */,
				75F3B19D21934729003B7EEA /* AppDelegate.swift in Sources */,
			);
			runOnlyForDeploymentPostprocessing = 0;
		};
		75F3B1A92193472B003B7EEA /* Sources */ = {
			isa = PBXSourcesBuildPhase;
			buildActionMask = 2147483647;
			files = (
				75F3B1B22193472B003B7EEA /* RecipesTests.swift in Sources */,
			);
			runOnlyForDeploymentPostprocessing = 0;
		};
		75F3B1B42193472B003B7EEA /* Sources */ = {
			isa = PBXSourcesBuildPhase;
			buildActionMask = 2147483647;
			files = (
				75F3B1BD2193472B003B7EEA /* RecipesUITests.swift in Sources */,
			);
			runOnlyForDeploymentPostprocessing = 0;
		};
/* End PBXSourcesBuildPhase section */

/* Begin PBXTargetDependency section */
		75F3B1AF2193472B003B7EEA /* PBXTargetDependency */ = {
			isa = PBXTargetDependency;
			target = 75F3B19821934729003B7EEA /* Recipes */;
			targetProxy = 75F3B1AE2193472B003B7EEA /* PBXContainerItemProxy */;
		};
		75F3B1BA2193472B003B7EEA /* PBXTargetDependency */ = {
			isa = PBXTargetDependency;
			target = 75F3B19821934729003B7EEA /* Recipes */;
			targetProxy = 75F3B1B92193472B003B7EEA /* PBXContainerItemProxy */;
		};
/* End PBXTargetDependency section */

/* Begin PBXVariantGroup section */
		75F3B1A021934729003B7EEA /* Main.storyboard */ = {
			isa = PBXVariantGroup;
			children = (
				75F3B1A121934729003B7EEA /* Base */,
			);
			name = Main.storyboard;
			sourceTree = "<group>";
		};
		75F3B1A52193472A003B7EEA /* LaunchScreen.storyboard */ = {
			isa = PBXVariantGroup;
			children = (
				75F3B1A62193472A003B7EEA /* Base */,
			);
			name = LaunchScreen.storyboard;
			sourceTree = "<group>";
		};
/* End PBXVariantGroup section */

/* Begin XCBuildConfiguration section */
		75F3B1BF2193472B003B7EEA /* Debug */ = {
			isa = XCBuildConfiguration;
			buildSettings = {
				ALWAYS_SEARCH_USER_PATHS = NO;
				CLANG_ANALYZER_NONNULL = YES;
				CLANG_ANALYZER_NUMBER_OBJECT_CONVERSION = YES_AGGRESSIVE;
				CLANG_CXX_LANGUAGE_STANDARD = "gnu++14";
				CLANG_CXX_LIBRARY = "libc++";
				CLANG_ENABLE_MODULES = YES;
				CLANG_ENABLE_OBJC_ARC = YES;
				CLANG_ENABLE_OBJC_WEAK = YES;
				CLANG_WARN_BLOCK_CAPTURE_AUTORELEASING = YES;
				CLANG_WARN_BOOL_CONVERSION = YES;
				CLANG_WARN_COMMA = YES;
				CLANG_WARN_CONSTANT_CONVERSION = YES;
				CLANG_WARN_DEPRECATED_OBJC_IMPLEMENTATIONS = YES;
				CLANG_WARN_DIRECT_OBJC_ISA_USAGE = YES_ERROR;
				CLANG_WARN_DOCUMENTATION_COMMENTS = YES;
				CLANG_WARN_EMPTY_BODY = YES;
				CLANG_WARN_ENUM_CONVERSION = YES;
				CLANG_WARN_INFINITE_RECURSION = YES;
				CLANG_WARN_INT_CONVERSION = YES;
				CLANG_WARN_NON_LITERAL_NULL_CONVERSION = YES;
				CLANG_WARN_OBJC_IMPLICIT_RETAIN_SELF = YES;
				CLANG_WARN_OBJC_LITERAL_CONVERSION = YES;
				CLANG_WARN_OBJC_ROOT_CLASS = YES_ERROR;
				CLANG_WARN_RANGE_LOOP_ANALYSIS = YES;
				CLANG_WARN_STRICT_PROTOTYPES = YES;
				CLANG_WARN_SUSPICIOUS_MOVE = YES;
				CLANG_WARN_UNGUARDED_AVAILABILITY = YES_AGGRESSIVE;
				CLANG_WARN_UNREACHABLE_CODE = YES;
				CLANG_WARN__DUPLICATE_METHOD_MATCH = YES;
				CODE_SIGN_IDENTITY = "iPhone Developer";
				COPY_PHASE_STRIP = NO;
				DEBUG_INFORMATION_FORMAT = dwarf;
				ENABLE_STRICT_OBJC_MSGSEND = YES;
				ENABLE_TESTABILITY = YES;
				GCC_C_LANGUAGE_STANDARD = gnu11;
				GCC_DYNAMIC_NO_PIC = NO;
				GCC_NO_COMMON_BLOCKS = YES;
				GCC_OPTIMIZATION_LEVEL = 0;
				GCC_PREPROCESSOR_DEFINITIONS = (
					"DEBUG=1",
					"$(inherited)",
				);
				GCC_WARN_64_TO_32_BIT_CONVERSION = YES;
				GCC_WARN_ABOUT_RETURN_TYPE = YES_ERROR;
				GCC_WARN_UNDECLARED_SELECTOR = YES;
				GCC_WARN_UNINITIALIZED_AUTOS = YES_AGGRESSIVE;
				GCC_WARN_UNUSED_FUNCTION = YES;
				GCC_WARN_UNUSED_VARIABLE = YES;
				IPHONEOS_DEPLOYMENT_TARGET = 12.0;
				MTL_ENABLE_DEBUG_INFO = INCLUDE_SOURCE;
				MTL_FAST_MATH = YES;
				ONLY_ACTIVE_ARCH = YES;
				SDKROOT = iphoneos;
				SWIFT_ACTIVE_COMPILATION_CONDITIONS = DEBUG;
				SWIFT_OPTIMIZATION_LEVEL = "-Onone";
			};
			name = Debug;
		};
		75F3B1C02193472B003B7EEA /* Release */ = {
			isa = XCBuildConfiguration;
			buildSettings = {
				ALWAYS_SEARCH_USER_PATHS = NO;
				CLANG_ANALYZER_NONNULL = YES;
				CLANG_ANALYZER_NUMBER_OBJECT_CONVERSION = YES_AGGRESSIVE;
				CLANG_CXX_LANGUAGE_STANDARD = "gnu++14";
				CLANG_CXX_LIBRARY = "libc++";
				CLANG_ENABLE_MODULES = YES;
				CLANG_ENABLE_OBJC_ARC = YES;
				CLANG_ENABLE_OBJC_WEAK = YES;
				CLANG_WARN_BLOCK_CAPTURE_AUTORELEASING = YES;
				CLANG_WARN_BOOL_CONVERSION = YES;
				CLANG_WARN_COMMA = YES;
				CLANG_WARN_CONSTANT_CONVERSION = YES;
				CLANG_WARN_DEPRECATED_OBJC_IMPLEMENTATIONS = YES;
				CLANG_WARN_DIRECT_OBJC_ISA_USAGE = YES_ERROR;
				CLANG_WARN_DOCUMENTATION_COMMENTS = YES;
				CLANG_WARN_EMPTY_BODY = YES;
				CLANG_WARN_ENUM_CONVERSION = YES;
				CLANG_WARN_INFINITE_RECURSION = YES;
				CLANG_WARN_INT_CONVERSION = YES;
				CLANG_WARN_NON_LITERAL_NULL_CONVERSION = YES;
				CLANG_WARN_OBJC_IMPLICIT_RETAIN_SELF = YES;
				CLANG_WARN_OBJC_LITERAL_CONVERSION = YES;
				CLANG_WARN_OBJC_ROOT_CLASS = YES_ERROR;
				CLANG_WARN_RANGE_LOOP_ANALYSIS = YES;
				CLANG_WARN_STRICT_PROTOTYPES = YES;
				CLANG_WARN_SUSPICIOUS_MOVE = YES;
				CLANG_WARN_UNGUARDED_AVAILABILITY = YES_AGGRESSIVE;
				CLANG_WARN_UNREACHABLE_CODE = YES;
				CLANG_WARN__DUPLICATE_METHOD_MATCH = YES;
				CODE_SIGN_IDENTITY = "iPhone Developer";
				COPY_PHASE_STRIP = NO;
				DEBUG_INFORMATION_FORMAT = "dwarf-with-dsym";
				ENABLE_NS_ASSERTIONS = NO;
				ENABLE_STRICT_OBJC_MSGSEND = YES;
				GCC_C_LANGUAGE_STANDARD = gnu11;
				GCC_NO_COMMON_BLOCKS = YES;
				GCC_WARN_64_TO_32_BIT_CONVERSION = YES;
				GCC_WARN_ABOUT_RETURN_TYPE = YES_ERROR;
				GCC_WARN_UNDECLARED_SELECTOR = YES;
				GCC_WARN_UNINITIALIZED_AUTOS = YES_AGGRESSIVE;
				GCC_WARN_UNUSED_FUNCTION = YES;
				GCC_WARN_UNUSED_VARIABLE = YES;
				IPHONEOS_DEPLOYMENT_TARGET = 12.0;
				MTL_ENABLE_DEBUG_INFO = NO;
				MTL_FAST_MATH = YES;
				SDKROOT = iphoneos;
				SWIFT_COMPILATION_MODE = wholemodule;
				SWIFT_OPTIMIZATION_LEVEL = "-O";
				VALIDATE_PRODUCT = YES;
			};
			name = Release;
		};
		75F3B1C22193472B003B7EEA /* Debug */ = {
			isa = XCBuildConfiguration;
			buildSettings = {
				ASSETCATALOG_COMPILER_APPICON_NAME = AppIcon;
				CODE_SIGN_STYLE = Automatic;
				DEVELOPMENT_TEAM = B4ALR5M7T7;
				INFOPLIST_FILE = Recipes/Info.plist;
				LD_RUNPATH_SEARCH_PATHS = (
					"$(inherited)",
					"@executable_path/Frameworks",
				);
				PRODUCT_BUNDLE_IDENTIFIER = Pursuit.Recipes;
				PRODUCT_NAME = "$(TARGET_NAME)";
				SWIFT_VERSION = 4.2;
				TARGETED_DEVICE_FAMILY = "1,2";
			};
			name = Debug;
		};
		75F3B1C32193472B003B7EEA /* Release */ = {
			isa = XCBuildConfiguration;
			buildSettings = {
				ASSETCATALOG_COMPILER_APPICON_NAME = AppIcon;
				CODE_SIGN_STYLE = Automatic;
				DEVELOPMENT_TEAM = B4ALR5M7T7;
				INFOPLIST_FILE = Recipes/Info.plist;
				LD_RUNPATH_SEARCH_PATHS = (
					"$(inherited)",
					"@executable_path/Frameworks",
				);
				PRODUCT_BUNDLE_IDENTIFIER = Pursuit.Recipes;
				PRODUCT_NAME = "$(TARGET_NAME)";
				SWIFT_VERSION = 4.2;
				TARGETED_DEVICE_FAMILY = "1,2";
			};
			name = Release;
		};
		75F3B1C52193472B003B7EEA /* Debug */ = {
			isa = XCBuildConfiguration;
			buildSettings = {
				ALWAYS_EMBED_SWIFT_STANDARD_LIBRARIES = YES;
				BUNDLE_LOADER = "$(TEST_HOST)";
				CODE_SIGN_STYLE = Automatic;
				DEVELOPMENT_TEAM = B4ALR5M7T7;
				INFOPLIST_FILE = RecipesTests/Info.plist;
				LD_RUNPATH_SEARCH_PATHS = (
					"$(inherited)",
					"@executable_path/Frameworks",
					"@loader_path/Frameworks",
				);
				PRODUCT_BUNDLE_IDENTIFIER = Pursuit.RecipesTests;
				PRODUCT_NAME = "$(TARGET_NAME)";
				SWIFT_VERSION = 4.2;
				TARGETED_DEVICE_FAMILY = "1,2";
				TEST_HOST = "$(BUILT_PRODUCTS_DIR)/Recipes.app/Recipes";
			};
			name = Debug;
		};
		75F3B1C62193472B003B7EEA /* Release */ = {
			isa = XCBuildConfiguration;
			buildSettings = {
				ALWAYS_EMBED_SWIFT_STANDARD_LIBRARIES = YES;
				BUNDLE_LOADER = "$(TEST_HOST)";
				CODE_SIGN_STYLE = Automatic;
				DEVELOPMENT_TEAM = B4ALR5M7T7;
				INFOPLIST_FILE = RecipesTests/Info.plist;
				LD_RUNPATH_SEARCH_PATHS = (
					"$(inherited)",
					"@executable_path/Frameworks",
					"@loader_path/Frameworks",
				);
				PRODUCT_BUNDLE_IDENTIFIER = Pursuit.RecipesTests;
				PRODUCT_NAME = "$(TARGET_NAME)";
				SWIFT_VERSION = 4.2;
				TARGETED_DEVICE_FAMILY = "1,2";
				TEST_HOST = "$(BUILT_PRODUCTS_DIR)/Recipes.app/Recipes";
			};
			name = Release;
		};
		75F3B1C82193472B003B7EEA /* Debug */ = {
			isa = XCBuildConfiguration;
			buildSettings = {
				ALWAYS_EMBED_SWIFT_STANDARD_LIBRARIES = YES;
				CODE_SIGN_STYLE = Automatic;
				DEVELOPMENT_TEAM = B4ALR5M7T7;
				INFOPLIST_FILE = RecipesUITests/Info.plist;
				LD_RUNPATH_SEARCH_PATHS = (
					"$(inherited)",
					"@executable_path/Frameworks",
					"@loader_path/Frameworks",
				);
				PRODUCT_BUNDLE_IDENTIFIER = Pursuit.RecipesUITests;
				PRODUCT_NAME = "$(TARGET_NAME)";
				SWIFT_VERSION = 4.2;
				TARGETED_DEVICE_FAMILY = "1,2";
				TEST_TARGET_NAME = Recipes;
			};
			name = Debug;
		};
		75F3B1C92193472B003B7EEA /* Release */ = {
			isa = XCBuildConfiguration;
			buildSettings = {
				ALWAYS_EMBED_SWIFT_STANDARD_LIBRARIES = YES;
				CODE_SIGN_STYLE = Automatic;
				DEVELOPMENT_TEAM = B4ALR5M7T7;
				INFOPLIST_FILE = RecipesUITests/Info.plist;
				LD_RUNPATH_SEARCH_PATHS = (
					"$(inherited)",
					"@executable_path/Frameworks",
					"@loader_path/Frameworks",
				);
				PRODUCT_BUNDLE_IDENTIFIER = Pursuit.RecipesUITests;
				PRODUCT_NAME = "$(TARGET_NAME)";
				SWIFT_VERSION = 4.2;
				TARGETED_DEVICE_FAMILY = "1,2";
				TEST_TARGET_NAME = Recipes;
			};
			name = Release;
		};
/* End XCBuildConfiguration section */

/* Begin XCConfigurationList section */
		75F3B19421934729003B7EEA /* Build configuration list for PBXProject "Recipes" */ = {
			isa = XCConfigurationList;
			buildConfigurations = (
				75F3B1BF2193472B003B7EEA /* Debug */,
				75F3B1C02193472B003B7EEA /* Release */,
			);
			defaultConfigurationIsVisible = 0;
			defaultConfigurationName = Release;
		};
		75F3B1C12193472B003B7EEA /* Build configuration list for PBXNativeTarget "Recipes" */ = {
			isa = XCConfigurationList;
			buildConfigurations = (
				75F3B1C22193472B003B7EEA /* Debug */,
				75F3B1C32193472B003B7EEA /* Release */,
			);
			defaultConfigurationIsVisible = 0;
			defaultConfigurationName = Release;
		};
		75F3B1C42193472B003B7EEA /* Build configuration list for PBXNativeTarget "RecipesTests" */ = {
			isa = XCConfigurationList;
			buildConfigurations = (
				75F3B1C52193472B003B7EEA /* Debug */,
				75F3B1C62193472B003B7EEA /* Release */,
			);
			defaultConfigurationIsVisible = 0;
			defaultConfigurationName = Release;
		};
		75F3B1C72193472B003B7EEA /* Build configuration list for PBXNativeTarget "RecipesUITests" */ = {
			isa = XCConfigurationList;
			buildConfigurations = (
				75F3B1C82193472B003B7EEA /* Debug */,
				75F3B1C92193472B003B7EEA /* Release */,
			);
			defaultConfigurationIsVisible = 0;
			defaultConfigurationName = Release;
		};
/* End XCConfigurationList section */
	};
	rootObject = 75F3B19121934729003B7EEA /* Project object */;
}
